
Microsoft Visual Studio Solution File, Format Version 12.00
# Visual Studio Version 17
VisualStudioVersion = 17.5.33627.172
MinimumVisualStudioVersion = 10.0.40219.1
Project("{8BC9CEB8-8B4A-11D0-8D11-00A0C91BC942}") = "RisingCore", "RisingCore\RisingCore.vcxproj", "{61E7C045-BB9B-419D-A100-C0F7EA9742CA}"
EndProject
Project("{8BC9CEB8-8B4A-11D0-8D11-00A0C91BC942}") = "Tests", "Tests\Tests.vcxproj", "{90B7ADB0-D063-4B3B-BEC6-5257FB3D34E7}"
	ProjectSection(ProjectDependencies) = postProject
		{61E7C045-BB9B-419D-A100-C0F7EA9742CA} = {61E7C045-BB9B-419D-A100-C0F7EA9742CA}
	EndProjectSection
EndProject
Global
	GlobalSection(SolutionConfigurationPlatforms) = preSolution
		Debug|x64 = Debug|x64
		Debug|x86 = Debug|x86
		Release|x64 = Release|x64
		Release|x86 = Release|x86
	EndGlobalSection
	GlobalSection(ProjectConfigurationPlatforms) = postSolution
		{61E7C045-BB9B-419D-A100-C0F7EA9742CA}.Debug|x64.ActiveCfg = Debug|x64
		{61E7C045-BB9B-419D-A100-C0F7EA9742CA}.Debug|x64.Build.0 = Debug|x64
		{61E7C045-BB9B-419D-A100-C0F7EA9742CA}.Debug|x86.ActiveCfg = Debug|Win32
		{61E7C045-BB9B-419D-A100-C0F7EA9742CA}.Debug|x86.Build.0 = Debug|Win32
		{61E7C045-BB9B-419D-A100-C0F7EA9742CA}.Release|x64.ActiveCfg = Release|x64
		{61E7C045-BB9B-419D-A100-C0F7EA9742CA}.Release|x64.Build.0 = Release|x64
		{61E7C045-BB9B-419D-A100-C0F7EA9742CA}.Release|x86.ActiveCfg = Release|Win32
		{61E7C045-BB9B-419D-A100-C0F7EA9742CA}.Release|x86.Build.0 = Release|Win32
		{90B7ADB0-D063-4B3B-BEC6-5257FB3D34E7}.Debug|x64.ActiveCfg = Debug|x64
		{90B7ADB0-D063-4B3B-BEC6-5257FB3D34E7}.Debug|x64.Build.0 = Debug|x64
		{90B7ADB0-D063-4B3B-BEC6-5257FB3D34E7}.Debug|x86.ActiveCfg = Debug|Win32
		{90B7ADB0-D063-4B3B-BEC6-5257FB3D34E7}.Debug|x86.Build.0 = Debug|Win32
		{90B7ADB0-D063-4B3B-BEC6-5257FB3D34E7}.Release|x64.ActiveCfg = Release|x64
		{90B7ADB0-D063-4B3B-BEC6-5257FB3D34E7}.Release|x64.Build.0 = Release|x64
		{90B7ADB0-D063-4B3B-BEC6-5257FB3D34E7}.Release|x86.ActiveCfg = Release|Win32
		{90B7ADB0-D063-4B3B-BEC6-5257FB3D34E7}.Release|x86.Build.0 = Release|Win32
	EndGlobalSection
	GlobalSection(SolutionProperties) = preSolution
		HideSolutionNode = FALSE
	EndGlobalSection
	GlobalSection(ExtensibilityGlobals) = postSolution
		SolutionGuid = {4A82E410-DAC5-4906-B213-017083057EDF}
	EndGlobalSection
EndGlobal
